
Microsoft Visual Studio Solution File, Format Version 12.00
# Visual Studio Version 17
VisualStudioVersion = 17.4.33122.133
MinimumVisualStudioVersion = 10.0.40219.1
Project("{9A19103F-16F7-4668-BE54-9A1E7A4F7556}") = "FishingShop.Models", "FishingShop.Models\FishingShop.Models.csproj", "{5AAB5EB6-05DD-4C4B-BC51-3ED641104C87}"
EndProject
Project("{9A19103F-16F7-4668-BE54-9A1E7A4F7556}") = "FishingShop.Data", "FishingShop.Data\FishingShop.Data.csproj", "{EAE79C06-DD30-4D53-B1F4-9F5BEA278A51}"
EndProject
Project("{9A19103F-16F7-4668-BE54-9A1E7A4F7556}") = "FishingShop.Services", "FishingShop.Services\FishingShop.Services.csproj", "{0312CADE-B8C6-4A9B-A5E3-2ED34F5704A8}"
EndProject
Project("{9A19103F-16F7-4668-BE54-9A1E7A4F7556}") = "FishingShop.Seeder", "FishingShop.Seeder\FishingShop.Seeder.csproj", "{B6CED792-EE16-4D49-B1A6-73893B581C63}"
EndProject
Project("{9A19103F-16F7-4668-BE54-9A1E7A4F7556}") = "FishingShop.ConsoleApp", "FishingShop.ConsoleApp\FishingShop.ConsoleApp.csproj", "{10FD1A8D-FFE7-4E3E-BE11-967F62F059E9}"
EndProject
Project("{FAE04EC0-301F-11D3-BF4B-00C04F79EFBC}") = "FishingShop.FormApp", "FishingShop.FormApp\FishingShop.FormApp.csproj", "{58B44FB2-741E-4D8C-86B4-E6A0F53383EE}"
EndProject
Global
	GlobalSection(SolutionConfigurationPlatforms) = preSolution
		Debug|Any CPU = Debug|Any CPU
		Release|Any CPU = Release|Any CPU
	EndGlobalSection
	GlobalSection(ProjectConfigurationPlatforms) = postSolution
		{5AAB5EB6-05DD-4C4B-BC51-3ED641104C87}.Debug|Any CPU.ActiveCfg = Debug|Any CPU
		{5AAB5EB6-05DD-4C4B-BC51-3ED641104C87}.Debug|Any CPU.Build.0 = Debug|Any CPU
		{5AAB5EB6-05DD-4C4B-BC51-3ED641104C87}.Release|Any CPU.ActiveCfg = Release|Any CPU
		{5AAB5EB6-05DD-4C4B-BC51-3ED641104C87}.Release|Any CPU.Build.0 = Release|Any CPU
		{EAE79C06-DD30-4D53-B1F4-9F5BEA278A51}.Debug|Any CPU.ActiveCfg = Debug|Any CPU
		{EAE79C06-DD30-4D53-B1F4-9F5BEA278A51}.Debug|Any CPU.Build.0 = Debug|Any CPU
		{EAE79C06-DD30-4D53-B1F4-9F5BEA278A51}.Release|Any CPU.ActiveCfg = Release|Any CPU
		{EAE79C06-DD30-4D53-B1F4-9F5BEA278A51}.Release|Any CPU.Build.0 = Release|Any CPU
		{0312CADE-B8C6-4A9B-A5E3-2ED34F5704A8}.Debug|Any CPU.ActiveCfg = Debug|Any CPU
		{0312CADE-B8C6-4A9B-A5E3-2ED34F5704A8}.Debug|Any CPU.Build.0 = Debug|Any CPU
		{0312CADE-B8C6-4A9B-A5E3-2ED34F5704A8}.Release|Any CPU.ActiveCfg = Release|Any CPU
		{0312CADE-B8C6-4A9B-A5E3-2ED34F5704A8}.Release|Any CPU.Build.0 = Release|Any CPU
		{B6CED792-EE16-4D49-B1A6-73893B581C63}.Debug|Any CPU.ActiveCfg = Debug|Any CPU
		{B6CED792-EE16-4D49-B1A6-73893B581C63}.Debug|Any CPU.Build.0 = Debug|Any CPU
		{B6CED792-EE16-4D49-B1A6-73893B581C63}.Release|Any CPU.ActiveCfg = Release|Any CPU
		{B6CED792-EE16-4D49-B1A6-73893B581C63}.Release|Any CPU.Build.0 = Release|Any CPU
		{10FD1A8D-FFE7-4E3E-BE11-967F62F059E9}.Debug|Any CPU.ActiveCfg = Debug|Any CPU
		{10FD1A8D-FFE7-4E3E-BE11-967F62F059E9}.Debug|Any CPU.Build.0 = Debug|Any CPU
		{10FD1A8D-FFE7-4E3E-BE11-967F62F059E9}.Release|Any CPU.ActiveCfg = Release|Any CPU
		{10FD1A8D-FFE7-4E3E-BE11-967F62F059E9}.Release|Any CPU.Build.0 = Release|Any CPU
		{58B44FB2-741E-4D8C-86B4-E6A0F53383EE}.Debug|Any CPU.ActiveCfg = Debug|Any CPU
		{58B44FB2-741E-4D8C-86B4-E6A0F53383EE}.Debug|Any CPU.Build.0 = Debug|Any CPU
		{58B44FB2-741E-4D8C-86B4-E6A0F53383EE}.Release|Any CPU.ActiveCfg = Release|Any CPU
		{58B44FB2-741E-4D8C-86B4-E6A0F53383EE}.Release|Any CPU.Build.0 = Release|Any CPU
	EndGlobalSection
	GlobalSection(SolutionProperties) = preSolution
		HideSolutionNode = FALSE
	EndGlobalSection
	GlobalSection(ExtensibilityGlobals) = postSolution
		SolutionGuid = {A77FBA43-FDB1-45A4-89D1-C1673BED8C96}
	EndGlobalSection
EndGlobal
